
Microsoft Visual Studio Solution File, Format Version 12.00
# Visual Studio 15
VisualStudioVersion = 15.0.27428.2037
MinimumVisualStudioVersion = 10.0.40219.1
Project("{FAE04EC0-301F-11D3-BF4B-00C04F79EFBC}") = "login", "login\login.csproj", "{1B2D5498-E3E8-4858-BB5E-A05BD11D37EE}"
EndProject
Global
	GlobalSection(SolutionConfigurationPlatforms) = preSolution
		Debug|Any CPU = Debug|Any CPU
		Release|Any CPU = Release|Any CPU
	EndGlobalSection
	GlobalSection(ProjectConfigurationPlatforms) = postSolution
		{1B2D5498-E3E8-4858-BB5E-A05BD11D37EE}.Debug|Any CPU.ActiveCfg = Debug|Any CPU
		{1B2D5498-E3E8-4858-BB5E-A05BD11D37EE}.Debug|Any CPU.Build.0 = Debug|Any CPU
		{1B2D5498-E3E8-4858-BB5E-A05BD11D37EE}.Release|Any CPU.ActiveCfg = Release|Any CPU
		{1B2D5498-E3E8-4858-BB5E-A05BD11D37EE}.Release|Any CPU.Build.0 = Release|Any CPU
	EndGlobalSection
	GlobalSection(SolutionProperties) = preSolution
		HideSolutionNode = FALSE
	EndGlobalSection
	GlobalSection(ExtensibilityGlobals) = postSolution
		SolutionGuid = {8D7607AF-DCAA-4069-8241-FEFAA762042F}
	EndGlobalSection
EndGlobal
